dependencies:
- name: gpu-health-monitor
  repository: ""
  version: 0.1.0
- name: mongodb-store
  repository: ""
  version: 0.1.0
- name: postgresql
  repository: ""
  version: 15.5.38
- name: fault-quarantine
  repository: ""
  version: 0.1.0
- name: node-drainer
  repository: ""
  version: 0.1.0
- name: fault-remediation
  repository: ""
  version: 0.1.0
- name: health-events-analyzer
  repository: ""
  version: 0.1.0
- name: csp-health-monitor
  repository: ""
  version: 0.1.0
- name: syslog-health-monitor
  repository: ""
  version: 0.1.0
- name: incluster-file-server
  repository: ""
  version: 0.1.0
- name: labeler
  repository: ""
  version: 0.1.0
- name: janitor
  repository: ""
  version: 0.1.0
- name: janitor-provider
  repository: ""
  version: 0.1.0
- name: metadata-collector
  repository: ""
  version: 0.1.0
- name: kubernetes-object-monitor
  repository: ""
  version: 0.1.0
- name: event-exporter
  repository: ""
  version: 0.1.0
- name: preflight
  repository: ""
  version: 0.1.0
- name: otel-collector
  repository: ""
  version: 0.1.0
- name: tempo
  repository: https://grafana.github.io/helm-charts
  version: 1.24.4
- name: grafana
  repository: https://grafana.github.io/helm-charts
  version: 10.5.15
digest: sha256:f78a0a6fc5ac7eca3aa48febf26178879d75ebc079e2ccb6e16442f0e1243b76
generated: "2026-03-02T19:36:43.072124+05:30"
