dependencies:
- name: gpu-health-monitor
  repository: ""
  version: 0.1.0
- name: mongodb-store
  repository: ""
  version: 0.1.0
- name: postgresql
  repository: ""
  version: 15.5.38
- name: fault-quarantine
  repository: ""
  version: 0.1.0
- name: node-drainer
  repository: ""
  version: 0.1.0
- name: fault-remediation
  repository: ""
  version: 0.1.0
- name: health-events-analyzer
  repository: ""
  version: 0.1.0
- name: csp-health-monitor
  repository: ""
  version: 0.1.0
- name: syslog-health-monitor
  repository: ""
  version: 0.1.0
- name: incluster-file-server
  repository: ""
  version: 0.1.0
- name: labeler
  repository: ""
  version: 0.1.0
- name: janitor
  repository: ""
  version: 0.1.0
- name: metadata-collector
  repository: ""
  version: 0.1.0
- name: kubernetes-object-monitor
  repository: ""
  version: 0.1.0
digest: sha256:b72ab10b3e61b4073ae964a5e4062d251f238852b38b0445a2c3269114b26b30
generated: "2025-11-19T14:51:23.601934963+05:30"
